// !$*UTF8*$!
{
	archiveVersion = 1;
	classes = {
	};
	objectVersion = 46;
	objects = {

/* Begin PBXBuildFile section */
		EA8157AA1CA1E86F00910C7C /* AppDelegate.swift in Sources */ = {isa = PBXBuildFile; fileRef = EA8157A91CA1E86F00910C7C /* AppDelegate.swift */; };
		EA8157AC1CA1E86F00910C7C /* ViewController.swift in Sources */ = {isa = PBXBuildFile; fileRef = EA8157AB1CA1E86F00910C7C /* ViewController.swift */; };
		EA8157AF1CA1E86F00910C7C /* Main.storyboard in Resources */ = {isa = PBXBuildFile; fileRef = EA8157AD1CA1E86F00910C7C /* Main.storyboard */; };
		EA8157B11CA1E86F00910C7C /* Assets.xcassets in Resources */ = {isa = PBXBuildFile; fileRef = EA8157B01CA1E86F00910C7C /* Assets.xcassets */; };
		EA8157B41CA1E86F00910C7C /* LaunchScreen.storyboard in Resources */ = {isa = PBXBuildFile; fileRef = EA8157B21CA1E86F00910C7C /* LaunchScreen.storyboard */; };
		EA8157C01CA207F600910C7C /* 1.mp3 in Resources */ = {isa = PBXBuildFile; fileRef = EA8157BF1CA207F600910C7C /* 1.mp3 */; };
/* End PBXBuildFile section */

/* Begin PBXFileReference section */
		EA8157A61CA1E86F00910C7C /* TheRApp.app */ = {isa = PBXFileReference; explicitFileType = wrapper.application; includeInIndex = 0; path = TheRApp.app; sourceTree = BUILT_PRODUCTS_DIR; };
		EA8157A91CA1E86F00910C7C /* AppDelegate.swift */ = {isa = PBXFileReference; lastKnownFileType = sourcecode.swift; path = AppDelegate.swift; sourceTree = "<group>"; };
		EA8157AB1CA1E86F00910C7C /* ViewController.swift */ = {isa = PBXFileReference; lastKnownFileType = sourcecode.swift; path = ViewController.swift; sourceTree = "<group>"; };
		EA8157AE1CA1E86F00910C7C /* Base */ = {isa = PBXFileReference; lastKnownFileType = file.storyboard; name = Base; path = Base.lproj/Main.storyboard; sourceTree = "<group>"; };
		EA8157B01CA1E86F00910C7C /* Assets.xcassets */ = {isa = PBXFileReference; lastKnownFileType = folder.assetcatalog; path = Assets.xcassets; sourceTree = "<group>"; };
		EA8157B31CA1E86F00910C7C /* Base */ = {isa = PBXFileReference; lastKnownFileType = file.storyboard; name = Base; path = Base.lproj/LaunchScreen.storyboard; sourceTree = "<group>"; };
		EA8157B51CA1E86F00910C7C /* Info.plist */ = {isa = PBXFileReference; lastKnownFileType = text.plist.xml; path = Info.plist; sourceTree = "<group>"; };
		EA8157BF1CA207F600910C7C /* 1.mp3 */ = {isa = PBXFileReference; lastKnownFileType = audio.mp3; path = 1.mp3; sourceTree = "<group>"; };
/* End PBXFileReference section */

/* Begin PBXFrameworksBuildPhase section */
		EA8157A31CA1E86E00910C7C /* Frameworks */ = {
			isa = PBXFrameworksBuildPhase;
			buildActionMask = 2147483647;
			files = (
			);
			runOnlyForDeploymentPostprocessing = 0;
		};
/* End PBXFrameworksBuildPhase section */

/* Begin PBXGroup section */
		EA81579D1CA1E86E00910C7C = {
			isa = PBXGroup;
			children = (
				EA8157A81CA1E86F00910C7C /* TheRApp */,
				EA8157A71CA1E86F00910C7C /* Products */,
			);
			sourceTree = "<group>";
		};
		EA8157A71CA1E86F00910C7C /* Products */ = {
			isa = PBXGroup;
			children = (
				EA8157A61CA1E86F00910C7C /* TheRApp.app */,
			);
			name = Products;
			sourceTree = "<group>";
		};
		EA8157A81CA1E86F00910C7C /* TheRApp */ = {
			isa = PBXGroup;
			children = (
				EA8157BC1CA1FF5100910C7C /* Model */,
				EA8157BB1CA1FF4B00910C7C /* View */,
				EA8157BD1CA1FF6100910C7C /* Controller */,
				EA8157BE1CA1FF6800910C7C /* Resources */,
				EA8157A91CA1E86F00910C7C /* AppDelegate.swift */,
				EA8157AD1CA1E86F00910C7C /* Main.storyboard */,
				EA8157B01CA1E86F00910C7C /* Assets.xcassets */,
				EA8157B21CA1E86F00910C7C /* LaunchScreen.storyboard */,
				EA8157B51CA1E86F00910C7C /* Info.plist */,
			);
			path = TheRApp;
			sourceTree = "<group>";
		};
		EA8157BB1CA1FF4B00910C7C /* View */ = {
			isa = PBXGroup;
			children = (
			);
			name = View;
			sourceTree = "<group>";
		};
		EA8157BC1CA1FF5100910C7C /* Model */ = {
			isa = PBXGroup;
			children = (
			);
			name = Model;
			sourceTree = "<group>";
		};
		EA8157BD1CA1FF6100910C7C /* Controller */ = {
			isa = PBXGroup;
			children = (
				EA8157AB1CA1E86F00910C7C /* ViewController.swift */,
			);
			name = Controller;
			sourceTree = "<group>";
		};
		EA8157BE1CA1FF6800910C7C /* Resources */ = {
			isa = PBXGroup;
			children = (
				EA8157BF1CA207F600910C7C /* 1.mp3 */,
			);
			name = Resources;
			sourceTree = "<group>";
		};
/* End PBXGroup section */

/* Begin PBXNativeTarget section */
		EA8157A51CA1E86E00910C7C /* TheRApp */ = {
			isa = PBXNativeTarget;
			buildConfigurationList = EA8157B81CA1E86F00910C7C /* Build configuration list for PBXNativeTarget "TheRApp" */;
			buildPhases = (
				EA8157A21CA1E86E00910C7C /* Sources */,
				EA8157A31CA1E86E00910C7C /* Frameworks */,
				EA8157A41CA1E86E00910C7C /* Resources */,
			);
			buildRules = (
			);
			dependencies = (
			);
			name = TheRApp;
			productName = TheRApp;
			productReference = EA8157A61CA1E86F00910C7C /* TheRApp.app */;
			productType = "com.apple.product-type.application";
		};
/* End PBXNativeTarget section */

/* Begin PBXProject section */
		EA81579E1CA1E86E00910C7C /* Project object */ = {
			isa = PBXProject;
			attributes = {
				LastSwiftUpdateCheck = 0710;
				LastUpgradeCheck = 0710;
				ORGANIZATIONNAME = "Marshall Cuico";
				TargetAttributes = {
					EA8157A51CA1E86E00910C7C = {
						CreatedOnToolsVersion = 7.1;
						DevelopmentTeam = FCCDM24Q7W;
					};
				};
			};
			buildConfigurationList = EA8157A11CA1E86E00910C7C /* Build configuration list for PBXProject "TheRApp" */;
			compatibilityVersion = "Xcode 3.2";
			developmentRegion = English;
			hasScannedForEncodings = 0;
			knownRegions = (
				en,
				Base,
			);
			mainGroup = EA81579D1CA1E86E00910C7C;
			productRefGroup = EA8157A71CA1E86F00910C7C /* Products */;
			projectDirPath = "";
			projectRoot = "";
			targets = (
				EA8157A51CA1E86E00910C7C /* TheRApp */,
			);
		};
/* End PBXProject section */

/* Begin PBXResourcesBuildPhase section */
		EA8157A41CA1E86E00910C7C /* Resources */ = {
			isa = PBXResourcesBuildPhase;
			buildActionMask = 2147483647;
			files = (
				EA8157C01CA207F600910C7C /* 1.mp3 in Resources */,
				EA8157B41CA1E86F00910C7C /* LaunchScreen.storyboard in Resources */,
				EA8157B11CA1E86F00910C7C /* Assets.xcassets in Resources */,
				EA8157AF1CA1E86F00910C7C /* Main.storyboard in Resources */,
			);
			runOnlyForDeploymentPostprocessing = 0;
		};
/* End PBXResourcesBuildPhase section */

/* Begin PBXSourcesBuildPhase section */
		EA8157A21CA1E86E00910C7C /* Sources */ = {
			isa = PBXSourcesBuildPhase;
			buildActionMask = 2147483647;
			files = (
				EA8157AC1CA1E86F00910C7C /* ViewController.swift in Sources */,
				EA8157AA1CA1E86F00910C7C /* AppDelegate.swift in Sources */,
			);
			runOnlyForDeploymentPostprocessing = 0;
		};
/* End PBXSourcesBuildPhase section */

/* Begin PBXVariantGroup section */
		EA8157AD1CA1E86F00910C7C /* Main.storyboard */ = {
			isa = PBXVariantGroup;
			children = (
				EA8157AE1CA1E86F00910C7C /* Base */,
			);
			name = Main.storyboard;
			sourceTree = "<group>";
		};
		EA8157B21CA1E86F00910C7C /* LaunchScreen.storyboard */ = {
			isa = PBXVariantGroup;
			children = (
				EA8157B31CA1E86F00910C7C /* Base */,
			);
			name = LaunchScreen.storyboard;
			sourceTree = "<group>";
		};
/* End PBXVariantGroup section */

/* Begin XCBuildConfiguration section */
		EA8157B61CA1E86F00910C7C /* Debug */ = {
			isa = XCBuildConfiguration;
			buildSettings = {
				ALWAYS_SEARCH_USER_PATHS = NO;
				CLANG_CXX_LANGUAGE_STANDARD = "gnu++0x";
				CLANG_CXX_LIBRARY = "libc++";
				CLANG_ENABLE_MODULES = YES;
				CLANG_ENABLE_OBJC_ARC = YES;
				CLANG_WARN_BOOL_CONVERSION = YES;
				CLANG_WARN_CONSTANT_CONVERSION = YES;
				CLANG_WARN_DIRECT_OBJC_ISA_USAGE = YES_ERROR;
				CLANG_WARN_EMPTY_BODY = YES;
				CLANG_WARN_ENUM_CONVERSION = YES;
				CLANG_WARN_INT_CONVERSION = YES;
				CLANG_WARN_OBJC_ROOT_CLASS = YES_ERROR;
				CLANG_WARN_UNREACHABLE_CODE = YES;
				CLANG_WARN__DUPLICATE_METHOD_MATCH = YES;
				"CODE_SIGN_IDENTITY[sdk=iphoneos*]" = "iPhone Developer";
				COPY_PHASE_STRIP = NO;
				DEBUG_INFORMATION_FORMAT = dwarf;
				ENABLE_STRICT_OBJC_MSGSEND = YES;
				ENABLE_TESTABILITY = YES;
				GCC_C_LANGUAGE_STANDARD = gnu99;
				GCC_DYNAMIC_NO_PIC = NO;
				GCC_NO_COMMON_BLOCKS = YES;
				GCC_OPTIMIZATION_LEVEL = 0;
				GCC_PREPROCESSOR_DEFINITIONS = (
					"DEBUG=1",
					"$(inherited)",
				);
				GCC_WARN_64_TO_32_BIT_CONVERSION = YES;
				GCC_WARN_ABOUT_RETURN_TYPE = YES_ERROR;
				GCC_WARN_UNDECLARED_SELECTOR = YES;
				GCC_WARN_UNINITIALIZED_AUTOS = YES_AGGRESSIVE;
				GCC_WARN_UNUSED_FUNCTION = YES;
				GCC_WARN_UNUSED_VARIABLE = YES;
				IPHONEOS_DEPLOYMENT_TARGET = 9.1;
				MTL_ENABLE_DEBUG_INFO = YES;
				ONLY_ACTIVE_ARCH = YES;
				SDKROOT = iphoneos;
				SWIFT_OPTIMIZATION_LEVEL = "-Onone";
			};
			name = Debug;
		};
		EA8157B71CA1E86F00910C7C /* Release */ = {
			isa = XCBuildConfiguration;
			buildSettings = {
				ALWAYS_SEARCH_USER_PATHS = NO;
				CLANG_CXX_LANGUAGE_STANDARD = "gnu++0x";
				CLANG_CXX_LIBRARY = "libc++";
				CLANG_ENABLE_MODULES = YES;
				CLANG_ENABLE_OBJC_ARC = YES;
				CLANG_WARN_BOOL_CONVERSION = YES;
				CLANG_WARN_CONSTANT_CONVERSION = YES;
				CLANG_WARN_DIRECT_OBJC_ISA_USAGE = YES_ERROR;
				CLANG_WARN_EMPTY_BODY = YES;
				CLANG_WARN_ENUM_CONVERSION = YES;
				CLANG_WARN_INT_CONVERSION = YES;
				CLANG_WARN_OBJC_ROOT_CLASS = YES_ERROR;
				CLANG_WARN_UNREACHABLE_CODE = YES;
				CLANG_WARN__DUPLICATE_METHOD_MATCH = YES;
				"CODE_SIGN_IDENTITY[sdk=iphoneos*]" = "iPhone Developer";
				COPY_PHASE_STRIP = NO;
				DEBUG_INFORMATION_FORMAT = "dwarf-with-dsym";
				ENABLE_NS_ASSERTIONS = NO;
				ENABLE_STRICT_OBJC_MSGSEND = YES;
				GCC_C_LANGUAGE_STANDARD = gnu99;
				GCC_NO_COMMON_BLOCKS = YES;
				GCC_WARN_64_TO_32_BIT_CONVERSION = YES;
				GCC_WARN_ABOUT_RETURN_TYPE = YES_ERROR;
				GCC_WARN_UNDECLARED_SELECTOR = YES;
				GCC_WARN_UNINITIALIZED_AUTOS = YES_AGGRESSIVE;
				GCC_WARN_UNUSED_FUNCTION = YES;
				GCC_WARN_UNUSED_VARIABLE = YES;
				IPHONEOS_DEPLOYMENT_TARGET = 9.1;
				MTL_ENABLE_DEBUG_INFO = NO;
				SDKROOT = iphoneos;
				VALIDATE_PRODUCT = YES;
			};
			name = Release;
		};
		EA8157B91CA1E86F00910C7C /* Debug */ = {
			isa = XCBuildConfiguration;
			buildSettings = {
				ASSETCATALOG_COMPILER_APPICON_NAME = AppIcon;
				INFOPLIST_FILE = TheRApp/Info.plist;
				LD_RUNPATH_SEARCH_PATHS = "$(inherited) @executable_path/Frameworks";
				PRODUCT_BUNDLE_IDENTIFIER = com.Qweeko.TheRApp;
				PRODUCT_NAME = "$(TARGET_NAME)";
			};
			name = Debug;
		};
		EA8157BA1CA1E86F00910C7C /* Release */ = {
			isa = XCBuildConfiguration;
			buildSettings = {
				ASSETCATALOG_COMPILER_APPICON_NAME = AppIcon;
				INFOPLIST_FILE = TheRApp/Info.plist;
				LD_RUNPATH_SEARCH_PATHS = "$(inherited) @executable_path/Frameworks";
				PRODUCT_BUNDLE_IDENTIFIER = com.Qweeko.TheRApp;
				PRODUCT_NAME = "$(TARGET_NAME)";
			};
			name = Release;
		};
/* End XCBuildConfiguration section */

/* Begin XCConfigurationList section */
		EA8157A11CA1E86E00910C7C /* Build configuration list for PBXProject "TheRApp" */ = {
			isa = XCConfigurationList;
			buildConfigurations = (
				EA8157B61CA1E86F00910C7C /* Debug */,
				EA8157B71CA1E86F00910C7C /* Release */,
			);
			defaultConfigurationIsVisible = 0;
			defaultConfigurationName = Release;
		};
		EA8157B81CA1E86F00910C7C /* Build configuration list for PBXNativeTarget "TheRApp" */ = {
			isa = XCConfigurationList;
			buildConfigurations = (
				EA8157B91CA1E86F00910C7C /* Debug */,
				EA8157BA1CA1E86F00910C7C /* Release */,
			);
			defaultConfigurationIsVisible = 0;
		};
/* End XCConfigurationList section */
	};
	rootObject = EA81579E1CA1E86E00910C7C /* Project object */;
}
